
Microsoft Visual Studio Solution File, Format Version 12.00
# Visual Studio Version 16
VisualStudioVersion = 16.0.30128.74
MinimumVisualStudioVersion = 10.0.40219.1
Project("{888888A0-9F3D-457C-B088-3A5042F75D52}") = "exif.rename", "exif.rename.pyproj", "{08C86395-643A-423E-9308-DF8C9DA9C6F8}"
EndProject
Global
	GlobalSection(SolutionConfigurationPlatforms) = preSolution
		Debug|Any CPU = Debug|Any CPU
		Release|Any CPU = Release|Any CPU
	EndGlobalSection
	GlobalSection(ProjectConfigurationPlatforms) = postSolution
		{08C86395-643A-423E-9308-DF8C9DA9C6F8}.Debug|Any CPU.ActiveCfg = Debug|Any CPU
		{08C86395-643A-423E-9308-DF8C9DA9C6F8}.Release|Any CPU.ActiveCfg = Release|Any CPU
	EndGlobalSection
	GlobalSection(SolutionProperties) = preSolution
		HideSolutionNode = FALSE
	EndGlobalSection
	GlobalSection(ExtensibilityGlobals) = postSolution
		SolutionGuid = {B6778F39-7521-4FB1-ACB8-6C745E7B5A94}
	EndGlobalSection
EndGlobal
